
Microsoft Visual Studio Solution File, Format Version 12.00
# Visual Studio 15
VisualStudioVersion = 15.0.27004.2009
MinimumVisualStudioVersion = 10.0.40219.1
Project("{FAE04EC0-301F-11D3-BF4B-00C04F79EFBC}") = "PasswordStorage", "PasswordStorage\PasswordStorage\PasswordStorage.csproj", "{3D17079C-C7BA-4693-B90F-455474382773}"
EndProject
Project("{FAE04EC0-301F-11D3-BF4B-00C04F79EFBC}") = "PasswordStorage.Android", "PasswordStorage\PasswordStorage.Android\PasswordStorage.Android.csproj", "{F7BDCFF9-B623-44F5-8FFB-488F61C01FDE}"
EndProject
Project("{FAE04EC0-301F-11D3-BF4B-00C04F79EFBC}") = "UnitTestApp1", "UnitTestApp1\UnitTestApp1.csproj", "{6F755F7B-88C4-4120-904C-F46BCBB2E940}"
EndProject
Global
	GlobalSection(SolutionConfigurationPlatforms) = preSolution
		Debug|Any CPU = Debug|Any CPU
		Debug|iPhone = Debug|iPhone
		Debug|iPhoneSimulator = Debug|iPhoneSimulator
		Release|Any CPU = Release|Any CPU
		Release|iPhone = Release|iPhone
		Release|iPhoneSimulator = Release|iPhoneSimulator
	EndGlobalSection
	GlobalSection(ProjectConfigurationPlatforms) = postSolution
		{3D17079C-C7BA-4693-B90F-455474382773}.Debug|Any CPU.ActiveCfg = Debug|Any CPU
		{3D17079C-C7BA-4693-B90F-455474382773}.Debug|Any CPU.Build.0 = Debug|Any CPU
		{3D17079C-C7BA-4693-B90F-455474382773}.Debug|iPhone.ActiveCfg = Debug|Any CPU
		{3D17079C-C7BA-4693-B90F-455474382773}.Debug|iPhone.Build.0 = Debug|Any CPU
		{3D17079C-C7BA-4693-B90F-455474382773}.Debug|iPhoneSimulator.ActiveCfg = Debug|Any CPU
		{3D17079C-C7BA-4693-B90F-455474382773}.Debug|iPhoneSimulator.Build.0 = Debug|Any CPU
		{3D17079C-C7BA-4693-B90F-455474382773}.Release|Any CPU.ActiveCfg = Release|Any CPU
		{3D17079C-C7BA-4693-B90F-455474382773}.Release|Any CPU.Build.0 = Release|Any CPU
		{3D17079C-C7BA-4693-B90F-455474382773}.Release|iPhone.ActiveCfg = Release|Any CPU
		{3D17079C-C7BA-4693-B90F-455474382773}.Release|iPhone.Build.0 = Release|Any CPU
		{3D17079C-C7BA-4693-B90F-455474382773}.Release|iPhoneSimulator.ActiveCfg = Release|Any CPU
		{3D17079C-C7BA-4693-B90F-455474382773}.Release|iPhoneSimulator.Build.0 = Release|Any CPU
		{F7BDCFF9-B623-44F5-8FFB-488F61C01FDE}.Debug|Any CPU.ActiveCfg = Debug|Any CPU
		{F7BDCFF9-B623-44F5-8FFB-488F61C01FDE}.Debug|Any CPU.Build.0 = Debug|Any CPU
		{F7BDCFF9-B623-44F5-8FFB-488F61C01FDE}.Debug|Any CPU.Deploy.0 = Debug|Any CPU
		{F7BDCFF9-B623-44F5-8FFB-488F61C01FDE}.Debug|iPhone.ActiveCfg = Debug|Any CPU
		{F7BDCFF9-B623-44F5-8FFB-488F61C01FDE}.Debug|iPhone.Build.0 = Debug|Any CPU
		{F7BDCFF9-B623-44F5-8FFB-488F61C01FDE}.Debug|iPhone.Deploy.0 = Debug|Any CPU
		{F7BDCFF9-B623-44F5-8FFB-488F61C01FDE}.Debug|iPhoneSimulator.ActiveCfg = Debug|Any CPU
		{F7BDCFF9-B623-44F5-8FFB-488F61C01FDE}.Debug|iPhoneSimulator.Build.0 = Debug|Any CPU
		{F7BDCFF9-B623-44F5-8FFB-488F61C01FDE}.Debug|iPhoneSimulator.Deploy.0 = Debug|Any CPU
		{F7BDCFF9-B623-44F5-8FFB-488F61C01FDE}.Release|Any CPU.ActiveCfg = Release|Any CPU
		{F7BDCFF9-B623-44F5-8FFB-488F61C01FDE}.Release|Any CPU.Build.0 = Release|Any CPU
		{F7BDCFF9-B623-44F5-8FFB-488F61C01FDE}.Release|Any CPU.Deploy.0 = Release|Any CPU
		{F7BDCFF9-B623-44F5-8FFB-488F61C01FDE}.Release|iPhone.ActiveCfg = Release|Any CPU
		{F7BDCFF9-B623-44F5-8FFB-488F61C01FDE}.Release|iPhone.Build.0 = Release|Any CPU
		{F7BDCFF9-B623-44F5-8FFB-488F61C01FDE}.Release|iPhone.Deploy.0 = Release|Any CPU
		{F7BDCFF9-B623-44F5-8FFB-488F61C01FDE}.Release|iPhoneSimulator.ActiveCfg = Release|Any CPU
		{F7BDCFF9-B623-44F5-8FFB-488F61C01FDE}.Release|iPhoneSimulator.Build.0 = Release|Any CPU
		{F7BDCFF9-B623-44F5-8FFB-488F61C01FDE}.Release|iPhoneSimulator.Deploy.0 = Release|Any CPU
		{6F755F7B-88C4-4120-904C-F46BCBB2E940}.Debug|Any CPU.ActiveCfg = Debug|Any CPU
		{6F755F7B-88C4-4120-904C-F46BCBB2E940}.Debug|Any CPU.Build.0 = Debug|Any CPU
		{6F755F7B-88C4-4120-904C-F46BCBB2E940}.Debug|Any CPU.Deploy.0 = Debug|Any CPU
		{6F755F7B-88C4-4120-904C-F46BCBB2E940}.Debug|iPhone.ActiveCfg = Debug|Any CPU
		{6F755F7B-88C4-4120-904C-F46BCBB2E940}.Debug|iPhone.Build.0 = Debug|Any CPU
		{6F755F7B-88C4-4120-904C-F46BCBB2E940}.Debug|iPhone.Deploy.0 = Debug|Any CPU
		{6F755F7B-88C4-4120-904C-F46BCBB2E940}.Debug|iPhoneSimulator.ActiveCfg = Debug|Any CPU
		{6F755F7B-88C4-4120-904C-F46BCBB2E940}.Debug|iPhoneSimulator.Build.0 = Debug|Any CPU
		{6F755F7B-88C4-4120-904C-F46BCBB2E940}.Debug|iPhoneSimulator.Deploy.0 = Debug|Any CPU
		{6F755F7B-88C4-4120-904C-F46BCBB2E940}.Release|Any CPU.ActiveCfg = Release|Any CPU
		{6F755F7B-88C4-4120-904C-F46BCBB2E940}.Release|Any CPU.Build.0 = Release|Any CPU
		{6F755F7B-88C4-4120-904C-F46BCBB2E940}.Release|Any CPU.Deploy.0 = Release|Any CPU
		{6F755F7B-88C4-4120-904C-F46BCBB2E940}.Release|iPhone.ActiveCfg = Release|Any CPU
		{6F755F7B-88C4-4120-904C-F46BCBB2E940}.Release|iPhone.Build.0 = Release|Any CPU
		{6F755F7B-88C4-4120-904C-F46BCBB2E940}.Release|iPhone.Deploy.0 = Release|Any CPU
		{6F755F7B-88C4-4120-904C-F46BCBB2E940}.Release|iPhoneSimulator.ActiveCfg = Release|Any CPU
		{6F755F7B-88C4-4120-904C-F46BCBB2E940}.Release|iPhoneSimulator.Build.0 = Release|Any CPU
		{6F755F7B-88C4-4120-904C-F46BCBB2E940}.Release|iPhoneSimulator.Deploy.0 = Release|Any CPU
	EndGlobalSection
	GlobalSection(SolutionProperties) = preSolution
		HideSolutionNode = FALSE
	EndGlobalSection
	GlobalSection(ExtensibilityGlobals) = postSolution
		SolutionGuid = {EACC8D19-A56C-41EF-BB28-AC9B3EF88E0C}
	EndGlobalSection
EndGlobal
